// !$*UTF8*$!
{
	archiveVersion = 1;
	classes = {
	};
	objectVersion = 56;
	objects = {

/* Begin PBXBuildFile section */
		12B8946329C9333900CDB2F3 /* AppDelegate.swift in Sources */ = {isa = PBXBuildFile; fileRef = 12B8946229C9333900CDB2F3 /* AppDelegate.swift */; };
		12B8946529C9333900CDB2F3 /* SceneDelegate.swift in Sources */ = {isa = PBXBuildFile; fileRef = 12B8946429C9333900CDB2F3 /* SceneDelegate.swift */; };
		12B8946729C9333900CDB2F3 /* ViewController.swift in Sources */ = {isa = PBXBuildFile; fileRef = 12B8946629C9333900CDB2F3 /* ViewController.swift */; };
		12B8946A29C9333900CDB2F3 /* Main.storyboard in Resources */ = {isa = PBXBuildFile; fileRef = 12B8946829C9333900CDB2F3 /* Main.storyboard */; };
		12B8946C29C9333A00CDB2F3 /* Assets.xcassets in Resources */ = {isa = PBXBuildFile; fileRef = 12B8946B29C9333A00CDB2F3 /* Assets.xcassets */; };
		12B8946F29C9333A00CDB2F3 /* LaunchScreen.storyboard in Resources */ = {isa = PBXBuildFile; fileRef = 12B8946D29C9333A00CDB2F3 /* LaunchScreen.storyboard */; };
		12B8947A29C9333A00CDB2F3 /* ch03_convertTests.swift in Sources */ = {isa = PBXBuildFile; fileRef = 12B8947929C9333A00CDB2F3 /* ch03_convertTests.swift */; };
		12B8948429C9333A00CDB2F3 /* ch03_convertUITests.swift in Sources */ = {isa = PBXBuildFile; fileRef = 12B8948329C9333A00CDB2F3 /* ch03_convertUITests.swift */; };
		12B8948629C9333A00CDB2F3 /* ch03_convertUITestsLaunchTests.swift in Sources */ = {isa = PBXBuildFile; fileRef = 12B8948529C9333A00CDB2F3 /* ch03_convertUITestsLaunchTests.swift */; };
		12B8949329C93C4300CDB2F3 /* ConversionViewController.swift in Sources */ = {isa = PBXBuildFile; fileRef = 12B8949229C93C4300CDB2F3 /* ConversionViewController.swift */; };
/* End PBXBuildFile section */

/* Begin PBXContainerItemProxy section */
		12B8947629C9333A00CDB2F3 /* PBXContainerItemProxy */ = {
			isa = PBXContainerItemProxy;
			containerPortal = 12B8945729C9333900CDB2F3 /* Project object */;
			proxyType = 1;
			remoteGlobalIDString = 12B8945E29C9333900CDB2F3;
			remoteInfo = "ch03-convert";
		};
		12B8948029C9333A00CDB2F3 /* PBXContainerItemProxy */ = {
			isa = PBXContainerItemProxy;
			containerPortal = 12B8945729C9333900CDB2F3 /* Project object */;
			proxyType = 1;
			remoteGlobalIDString = 12B8945E29C9333900CDB2F3;
			remoteInfo = "ch03-convert";
		};
/* End PBXContainerItemProxy section */

/* Begin PBXFileReference section */
		12B8945F29C9333900CDB2F3 /* ch03-convert.app */ = {isa = PBXFileReference; explicitFileType = wrapper.application; includeInIndex = 0; path = "ch03-convert.app"; sourceTree = BUILT_PRODUCTS_DIR; };
		12B8946229C9333900CDB2F3 /* AppDelegate.swift */ = {isa = PBXFileReference; lastKnownFileType = sourcecode.swift; path = AppDelegate.swift; sourceTree = "<group>"; };
		12B8946429C9333900CDB2F3 /* SceneDelegate.swift */ = {isa = PBXFileReference; lastKnownFileType = sourcecode.swift; path = SceneDelegate.swift; sourceTree = "<group>"; };
		12B8946629C9333900CDB2F3 /* ViewController.swift */ = {isa = PBXFileReference; lastKnownFileType = sourcecode.swift; path = ViewController.swift; sourceTree = "<group>"; };
		12B8946929C9333900CDB2F3 /* Base */ = {isa = PBXFileReference; lastKnownFileType = file.storyboard; name = Base; path = Base.lproj/Main.storyboard; sourceTree = "<group>"; };
		12B8946B29C9333A00CDB2F3 /* Assets.xcassets */ = {isa = PBXFileReference; lastKnownFileType = folder.assetcatalog; path = Assets.xcassets; sourceTree = "<group>"; };
		12B8946E29C9333A00CDB2F3 /* Base */ = {isa = PBXFileReference; lastKnownFileType = file.storyboard; name = Base; path = Base.lproj/LaunchScreen.storyboard; sourceTree = "<group>"; };
		12B8947029C9333A00CDB2F3 /* Info.plist */ = {isa = PBXFileReference; lastKnownFileType = text.plist.xml; path = Info.plist; sourceTree = "<group>"; };
		12B8947529C9333A00CDB2F3 /* ch03-convertTests.xctest */ = {isa = PBXFileReference; explicitFileType = wrapper.cfbundle; includeInIndex = 0; path = "ch03-convertTests.xctest"; sourceTree = BUILT_PRODUCTS_DIR; };
		12B8947929C9333A00CDB2F3 /* ch03_convertTests.swift */ = {isa = PBXFileReference; lastKnownFileType = sourcecode.swift; path = ch03_convertTests.swift; sourceTree = "<group>"; };
		12B8947F29C9333A00CDB2F3 /* ch03-convertUITests.xctest */ = {isa = PBXFileReference; explicitFileType = wrapper.cfbundle; includeInIndex = 0; path = "ch03-convertUITests.xctest"; sourceTree = BUILT_PRODUCTS_DIR; };
		12B8948329C9333A00CDB2F3 /* ch03_convertUITests.swift */ = {isa = PBXFileReference; lastKnownFileType = sourcecode.swift; path = ch03_convertUITests.swift; sourceTree = "<group>"; };
		12B8948529C9333A00CDB2F3 /* ch03_convertUITestsLaunchTests.swift */ = {isa = PBXFileReference; lastKnownFileType = sourcecode.swift; path = ch03_convertUITestsLaunchTests.swift; sourceTree = "<group>"; };
		12B8949229C93C4300CDB2F3 /* ConversionViewController.swift */ = {isa = PBXFileReference; lastKnownFileType = sourcecode.swift; path = ConversionViewController.swift; sourceTree = "<group>"; };
/* End PBXFileReference section */

/* Begin PBXFrameworksBuildPhase section */
		12B8945C29C9333900CDB2F3 /* Frameworks */ = {
			isa = PBXFrameworksBuildPhase;
			buildActionMask = 2147483647;
			files = (
			);
			runOnlyForDeploymentPostprocessing = 0;
		};
		12B8947229C9333A00CDB2F3 /* Frameworks */ = {
			isa = PBXFrameworksBuildPhase;
			buildActionMask = 2147483647;
			files = (
			);
			runOnlyForDeploymentPostprocessing = 0;
		};
		12B8947C29C9333A00CDB2F3 /* Frameworks */ = {
			isa = PBXFrameworksBuildPhase;
			buildActionMask = 2147483647;
			files = (
			);
			runOnlyForDeploymentPostprocessing = 0;
		};
/* End PBXFrameworksBuildPhase section */

/* Begin PBXGroup section */
		12B8945629C9333900CDB2F3 = {
			isa = PBXGroup;
			children = (
				12B8946129C9333900CDB2F3 /* ch03-convert */,
				12B8947829C9333A00CDB2F3 /* ch03-convertTests */,
				12B8948229C9333A00CDB2F3 /* ch03-convertUITests */,
				12B8946029C9333900CDB2F3 /* Products */,
			);
			sourceTree = "<group>";
		};
		12B8946029C9333900CDB2F3 /* Products */ = {
			isa = PBXGroup;
			children = (
				12B8945F29C9333900CDB2F3 /* ch03-convert.app */,
				12B8947529C9333A00CDB2F3 /* ch03-convertTests.xctest */,
				12B8947F29C9333A00CDB2F3 /* ch03-convertUITests.xctest */,
			);
			name = Products;
			sourceTree = "<group>";
		};
		12B8946129C9333900CDB2F3 /* ch03-convert */ = {
			isa = PBXGroup;
			children = (
				12B8946229C9333900CDB2F3 /* AppDelegate.swift */,
				12B8946429C9333900CDB2F3 /* SceneDelegate.swift */,
				12B8946629C9333900CDB2F3 /* ViewController.swift */,
				12B8946829C9333900CDB2F3 /* Main.storyboard */,
				12B8949229C93C4300CDB2F3 /* ConversionViewController.swift */,
				12B8946B29C9333A00CDB2F3 /* Assets.xcassets */,
				12B8946D29C9333A00CDB2F3 /* LaunchScreen.storyboard */,
				12B8947029C9333A00CDB2F3 /* Info.plist */,
			);
			path = "ch03-convert";
			sourceTree = "<group>";
		};
		12B8947829C9333A00CDB2F3 /* ch03-convertTests */ = {
			isa = PBXGroup;
			children = (
				12B8947929C9333A00CDB2F3 /* ch03_convertTests.swift */,
			);
			path = "ch03-convertTests";
			sourceTree = "<group>";
		};
		12B8948229C9333A00CDB2F3 /* ch03-convertUITests */ = {
			isa = PBXGroup;
			children = (
				12B8948329C9333A00CDB2F3 /* ch03_convertUITests.swift */,
				12B8948529C9333A00CDB2F3 /* ch03_convertUITestsLaunchTests.swift */,
			);
			path = "ch03-convertUITests";
			sourceTree = "<group>";
		};
/* End PBXGroup section */

/* Begin PBXNativeTarget section */
		12B8945E29C9333900CDB2F3 /* ch03-convert */ = {
			isa = PBXNativeTarget;
			buildConfigurationList = 12B8948929C9333A00CDB2F3 /* Build configuration list for PBXNativeTarget "ch03-convert" */;
			buildPhases = (
				12B8945B29C9333900CDB2F3 /* Sources */,
				12B8945C29C9333900CDB2F3 /* Frameworks */,
				12B8945D29C9333900CDB2F3 /* Resources */,
			);
			buildRules = (
			);
			dependencies = (
			);
			name = "ch03-convert";
			productName = "ch03-convert";
			productReference = 12B8945F29C9333900CDB2F3 /* ch03-convert.app */;
			productType = "com.apple.product-type.application";
		};
		12B8947429C9333A00CDB2F3 /* ch03-convertTests */ = {
			isa = PBXNativeTarget;
			buildConfigurationList = 12B8948C29C9333A00CDB2F3 /* Build configuration list for PBXNativeTarget "ch03-convertTests" */;
			buildPhases = (
				12B8947129C9333A00CDB2F3 /* Sources */,
				12B8947229C9333A00CDB2F3 /* Frameworks */,
				12B8947329C9333A00CDB2F3 /* Resources */,
			);
			buildRules = (
			);
			dependencies = (
				12B8947729C9333A00CDB2F3 /* PBXTargetDependency */,
			);
			name = "ch03-convertTests";
			productName = "ch03-convertTests";
			productReference = 12B8947529C9333A00CDB2F3 /* ch03-convertTests.xctest */;
			productType = "com.apple.product-type.bundle.unit-test";
		};
		12B8947E29C9333A00CDB2F3 /* ch03-convertUITests */ = {
			isa = PBXNativeTarget;
			buildConfigurationList = 12B8948F29C9333A00CDB2F3 /* Build configuration list for PBXNativeTarget "ch03-convertUITests" */;
			buildPhases = (
				12B8947B29C9333A00CDB2F3 /* Sources */,
				12B8947C29C9333A00CDB2F3 /* Frameworks */,
				12B8947D29C9333A00CDB2F3 /* Resources */,
			);
			buildRules = (
			);
			dependencies = (
				12B8948129C9333A00CDB2F3 /* PBXTargetDependency */,
			);
			name = "ch03-convertUITests";
			productName = "ch03-convertUITests";
			productReference = 12B8947F29C9333A00CDB2F3 /* ch03-convertUITests.xctest */;
			productType = "com.apple.product-type.bundle.ui-testing";
		};
/* End PBXNativeTarget section */

/* Begin PBXProject section */
		12B8945729C9333900CDB2F3 /* Project object */ = {
			isa = PBXProject;
			attributes = {
				BuildIndependentTargetsInParallel = 1;
				LastSwiftUpdateCheck = 1420;
				LastUpgradeCheck = 1420;
				TargetAttributes = {
					12B8945E29C9333900CDB2F3 = {
						CreatedOnToolsVersion = 14.2;
					};
					12B8947429C9333A00CDB2F3 = {
						CreatedOnToolsVersion = 14.2;
						TestTargetID = 12B8945E29C9333900CDB2F3;
					};
					12B8947E29C9333A00CDB2F3 = {
						CreatedOnToolsVersion = 14.2;
						TestTargetID = 12B8945E29C9333900CDB2F3;
					};
				};
			};
			buildConfigurationList = 12B8945A29C9333900CDB2F3 /* Build configuration list for PBXProject "ch03-convert" */;
			compatibilityVersion = "Xcode 14.0";
			developmentRegion = en;
			hasScannedForEncodings = 0;
			knownRegions = (
				en,
				Base,
			);
			mainGroup = 12B8945629C9333900CDB2F3;
			productRefGroup = 12B8946029C9333900CDB2F3 /* Products */;
			projectDirPath = "";
			projectRoot = "";
			targets = (
				12B8945E29C9333900CDB2F3 /* ch03-convert */,
				12B8947429C9333A00CDB2F3 /* ch03-convertTests */,
				12B8947E29C9333A00CDB2F3 /* ch03-convertUITests */,
			);
		};
/* End PBXProject section */

/* Begin PBXResourcesBuildPhase section */
		12B8945D29C9333900CDB2F3 /* Resources */ = {
			isa = PBXResourcesBuildPhase;
			buildActionMask = 2147483647;
			files = (
				12B8946F29C9333A00CDB2F3 /* LaunchScreen.storyboard in Resources */,
				12B8946C29C9333A00CDB2F3 /* Assets.xcassets in Resources */,
				12B8946A29C9333900CDB2F3 /* Main.storyboard in Resources */,
			);
			runOnlyForDeploymentPostprocessing = 0;
		};
		12B8947329C9333A00CDB2F3 /* Resources */ = {
			isa = PBXResourcesBuildPhase;
			buildActionMask = 2147483647;
			files = (
			);
			runOnlyForDeploymentPostprocessing = 0;
		};
		12B8947D29C9333A00CDB2F3 /* Resources */ = {
			isa = PBXResourcesBuildPhase;
			buildActionMask = 2147483647;
			files = (
			);
			runOnlyForDeploymentPostprocessing = 0;
		};
/* End PBXResourcesBuildPhase section */

/* Begin PBXSourcesBuildPhase section */
		12B8945B29C9333900CDB2F3 /* Sources */ = {
			isa = PBXSourcesBuildPhase;
			buildActionMask = 2147483647;
			files = (
				12B8946729C9333900CDB2F3 /* ViewController.swift in Sources */,
				12B8946329C9333900CDB2F3 /* AppDelegate.swift in Sources */,
				12B8949329C93C4300CDB2F3 /* ConversionViewController.swift in Sources */,
				12B8946529C9333900CDB2F3 /* SceneDelegate.swift in Sources */,
			);
			runOnlyForDeploymentPostprocessing = 0;
		};
		12B8947129C9333A00CDB2F3 /* Sources */ = {
			isa = PBXSourcesBuildPhase;
			buildActionMask = 2147483647;
			files = (
				12B8947A29C9333A00CDB2F3 /* ch03_convertTests.swift in Sources */,
			);
			runOnlyForDeploymentPostprocessing = 0;
		};
		12B8947B29C9333A00CDB2F3 /* Sources */ = {
			isa = PBXSourcesBuildPhase;
			buildActionMask = 2147483647;
			files = (
				12B8948629C9333A00CDB2F3 /* ch03_convertUITestsLaunchTests.swift in Sources */,
				12B8948429C9333A00CDB2F3 /* ch03_convertUITests.swift in Sources */,
			);
			runOnlyForDeploymentPostprocessing = 0;
		};
/* End PBXSourcesBuildPhase section */

/* Begin PBXTargetDependency section */
		12B8947729C9333A00CDB2F3 /* PBXTargetDependency */ = {
			isa = PBXTargetDependency;
			target = 12B8945E29C9333900CDB2F3 /* ch03-convert */;
			targetProxy = 12B8947629C9333A00CDB2F3 /* PBXContainerItemProxy */;
		};
		12B8948129C9333A00CDB2F3 /* PBXTargetDependency */ = {
			isa = PBXTargetDependency;
			target = 12B8945E29C9333900CDB2F3 /* ch03-convert */;
			targetProxy = 12B8948029C9333A00CDB2F3 /* PBXContainerItemProxy */;
		};
/* End PBXTargetDependency section */

/* Begin PBXVariantGroup section */
		12B8946829C9333900CDB2F3 /* Main.storyboard */ = {
			isa = PBXVariantGroup;
			children = (
				12B8946929C9333900CDB2F3 /* Base */,
			);
			name = Main.storyboard;
			sourceTree = "<group>";
		};
		12B8946D29C9333A00CDB2F3 /* LaunchScreen.storyboard */ = {
			isa = PBXVariantGroup;
			children = (
				12B8946E29C9333A00CDB2F3 /* Base */,
			);
			name = LaunchScreen.storyboard;
			sourceTree = "<group>";
		};
/* End PBXVariantGroup section */

/* Begin XCBuildConfiguration section */
		12B8948729C9333A00CDB2F3 /* Debug */ = {
			isa = XCBuildConfiguration;
			buildSettings = {
				ALWAYS_SEARCH_USER_PATHS = NO;
				CLANG_ANALYZER_NONNULL = YES;
				CLANG_ANALYZER_NUMBER_OBJECT_CONVERSION = YES_AGGRESSIVE;
				CLANG_CXX_LANGUAGE_STANDARD = "gnu++20";
				CLANG_ENABLE_MODULES = YES;
				CLANG_ENABLE_OBJC_ARC = YES;
				CLANG_ENABLE_OBJC_WEAK = YES;
				CLANG_WARN_BLOCK_CAPTURE_AUTORELEASING = YES;
				CLANG_WARN_BOOL_CONVERSION = YES;
				CLANG_WARN_COMMA = YES;
				CLANG_WARN_CONSTANT_CONVERSION = YES;
				CLANG_WARN_DEPRECATED_OBJC_IMPLEMENTATIONS = YES;
				CLANG_WARN_DIRECT_OBJC_ISA_USAGE = YES_ERROR;
				CLANG_WARN_DOCUMENTATION_COMMENTS = YES;
				CLANG_WARN_EMPTY_BODY = YES;
				CLANG_WARN_ENUM_CONVERSION = YES;
				CLANG_WARN_INFINITE_RECURSION = YES;
				CLANG_WARN_INT_CONVERSION = YES;
				CLANG_WARN_NON_LITERAL_NULL_CONVERSION = YES;
				CLANG_WARN_OBJC_IMPLICIT_RETAIN_SELF = YES;
				CLANG_WARN_OBJC_LITERAL_CONVERSION = YES;
				CLANG_WARN_OBJC_ROOT_CLASS = YES_ERROR;
				CLANG_WARN_QUOTED_INCLUDE_IN_FRAMEWORK_HEADER = YES;
				CLANG_WARN_RANGE_LOOP_ANALYSIS = YES;
				CLANG_WARN_STRICT_PROTOTYPES = YES;
				CLANG_WARN_SUSPICIOUS_MOVE = YES;
				CLANG_WARN_UNGUARDED_AVAILABILITY = YES_AGGRESSIVE;
				CLANG_WARN_UNREACHABLE_CODE = YES;
				CLANG_WARN__DUPLICATE_METHOD_MATCH = YES;
				COPY_PHASE_STRIP = NO;
				DEBUG_INFORMATION_FORMAT = dwarf;
				ENABLE_STRICT_OBJC_MSGSEND = YES;
				ENABLE_TESTABILITY = YES;
				GCC_C_LANGUAGE_STANDARD = gnu11;
				GCC_DYNAMIC_NO_PIC = NO;
				GCC_NO_COMMON_BLOCKS = YES;
				GCC_OPTIMIZATION_LEVEL = 0;
				GCC_PREPROCESSOR_DEFINITIONS = (
					"DEBUG=1",
					"$(inherited)",
				);
				GCC_WARN_64_TO_32_BIT_CONVERSION = YES;
				GCC_WARN_ABOUT_RETURN_TYPE = YES_ERROR;
				GCC_WARN_UNDECLARED_SELECTOR = YES;
				GCC_WARN_UNINITIALIZED_AUTOS = YES_AGGRESSIVE;
				GCC_WARN_UNUSED_FUNCTION = YES;
				GCC_WARN_UNUSED_VARIABLE = YES;
				IPHONEOS_DEPLOYMENT_TARGET = 16.2;
				MTL_ENABLE_DEBUG_INFO = INCLUDE_SOURCE;
				MTL_FAST_MATH = YES;
				ONLY_ACTIVE_ARCH = YES;
				SDKROOT = iphoneos;
				SWIFT_ACTIVE_COMPILATION_CONDITIONS = DEBUG;
				SWIFT_OPTIMIZATION_LEVEL = "-Onone";
			};
			name = Debug;
		};
		12B8948829C9333A00CDB2F3 /* Release */ = {
			isa = XCBuildConfiguration;
			buildSettings = {
				ALWAYS_SEARCH_USER_PATHS = NO;
				CLANG_ANALYZER_NONNULL = YES;
				CLANG_ANALYZER_NUMBER_OBJECT_CONVERSION = YES_AGGRESSIVE;
				CLANG_CXX_LANGUAGE_STANDARD = "gnu++20";
				CLANG_ENABLE_MODULES = YES;
				CLANG_ENABLE_OBJC_ARC = YES;
				CLANG_ENABLE_OBJC_WEAK = YES;
				CLANG_WARN_BLOCK_CAPTURE_AUTORELEASING = YES;
				CLANG_WARN_BOOL_CONVERSION = YES;
				CLANG_WARN_COMMA = YES;
				CLANG_WARN_CONSTANT_CONVERSION = YES;
				CLANG_WARN_DEPRECATED_OBJC_IMPLEMENTATIONS = YES;
				CLANG_WARN_DIRECT_OBJC_ISA_USAGE = YES_ERROR;
				CLANG_WARN_DOCUMENTATION_COMMENTS = YES;
				CLANG_WARN_EMPTY_BODY = YES;
				CLANG_WARN_ENUM_CONVERSION = YES;
				CLANG_WARN_INFINITE_RECURSION = YES;
				CLANG_WARN_INT_CONVERSION = YES;
				CLANG_WARN_NON_LITERAL_NULL_CONVERSION = YES;
				CLANG_WARN_OBJC_IMPLICIT_RETAIN_SELF = YES;
				CLANG_WARN_OBJC_LITERAL_CONVERSION = YES;
				CLANG_WARN_OBJC_ROOT_CLASS = YES_ERROR;
				CLANG_WARN_QUOTED_INCLUDE_IN_FRAMEWORK_HEADER = YES;
				CLANG_WARN_RANGE_LOOP_ANALYSIS = YES;
				CLANG_WARN_STRICT_PROTOTYPES = YES;
				CLANG_WARN_SUSPICIOUS_MOVE = YES;
				CLANG_WARN_UNGUARDED_AVAILABILITY = YES_AGGRESSIVE;
				CLANG_WARN_UNREACHABLE_CODE = YES;
				CLANG_WARN__DUPLICATE_METHOD_MATCH = YES;
				COPY_PHASE_STRIP = NO;
				DEBUG_INFORMATION_FORMAT = "dwarf-with-dsym";
				ENABLE_NS_ASSERTIONS = NO;
				ENABLE_STRICT_OBJC_MSGSEND = YES;
				GCC_C_LANGUAGE_STANDARD = gnu11;
				GCC_NO_COMMON_BLOCKS = YES;
				GCC_WARN_64_TO_32_BIT_CONVERSION = YES;
				GCC_WARN_ABOUT_RETURN_TYPE = YES_ERROR;
				GCC_WARN_UNDECLARED_SELECTOR = YES;
				GCC_WARN_UNINITIALIZED_AUTOS = YES_AGGRESSIVE;
				GCC_WARN_UNUSED_FUNCTION = YES;
				GCC_WARN_UNUSED_VARIABLE = YES;
				IPHONEOS_DEPLOYMENT_TARGET = 16.2;
				MTL_ENABLE_DEBUG_INFO = NO;
				MTL_FAST_MATH = YES;
				SDKROOT = iphoneos;
				SWIFT_COMPILATION_MODE = wholemodule;
				SWIFT_OPTIMIZATION_LEVEL = "-O";
				VALIDATE_PRODUCT = YES;
			};
			name = Release;
		};
		12B8948A29C9333A00CDB2F3 /* Debug */ = {
			isa = XCBuildConfiguration;
			buildSettings = {
				ASSETCATALOG_COMPILER_APPICON_NAME = AppIcon;
				ASSETCATALOG_COMPILER_GLOBAL_ACCENT_COLOR_NAME = AccentColor;
				CODE_SIGN_STYLE = Automatic;
				CURRENT_PROJECT_VERSION = 1;
				GENERATE_INFOPLIST_FILE = YES;
				INFOPLIST_FILE = "ch03-convert/Info.plist";
				INFOPLIST_KEY_UIApplicationSupportsIndirectInputEvents = YES;
				INFOPLIST_KEY_UILaunchStoryboardName = LaunchScreen;
				INFOPLIST_KEY_UIMainStoryboardFile = Main;
				INFOPLIST_KEY_UISupportedInterfaceOrientations_iPad = "UIInterfaceOrientationPortrait UIInterfaceOrientationPortraitUpsideDown UIInterfaceOrientationLandscapeLeft UIInterfaceOrientationLandscapeRight";
				INFOPLIST_KEY_UISupportedInterfaceOrientations_iPhone = "UIInterfaceOrientationPortrait UIInterfaceOrientationLandscapeLeft UIInterfaceOrientationLandscapeRight";
				LD_RUNPATH_SEARCH_PATHS = (
					"$(inherited)",
					"@executable_path/Frameworks",
				);
				MARKETING_VERSION = 1.0;
				PRODUCT_BUNDLE_IDENTIFIER = "jeinie.ch03-convert";
				PRODUCT_NAME = "$(TARGET_NAME)";
				SWIFT_EMIT_LOC_STRINGS = YES;
				SWIFT_VERSION = 5.0;
				TARGETED_DEVICE_FAMILY = "1,2";
			};
			name = Debug;
		};
		12B8948B29C9333A00CDB2F3 /* Release */ = {
			isa = XCBuildConfiguration;
			buildSettings = {
				ASSETCATALOG_COMPILER_APPICON_NAME = AppIcon;
				ASSETCATALOG_COMPILER_GLOBAL_ACCENT_COLOR_NAME = AccentColor;
				CODE_SIGN_STYLE = Automatic;
				CURRENT_PROJECT_VERSION = 1;
				GENERATE_INFOPLIST_FILE = YES;
				INFOPLIST_FILE = "ch03-convert/Info.plist";
				INFOPLIST_KEY_UIApplicationSupportsIndirectInputEvents = YES;
				INFOPLIST_KEY_UILaunchStoryboardName = LaunchScreen;
				INFOPLIST_KEY_UIMainStoryboardFile = Main;
				INFOPLIST_KEY_UISupportedInterfaceOrientations_iPad = "UIInterfaceOrientationPortrait UIInterfaceOrientationPortraitUpsideDown UIInterfaceOrientationLandscapeLeft UIInterfaceOrientationLandscapeRight";
				INFOPLIST_KEY_UISupportedInterfaceOrientations_iPhone = "UIInterfaceOrientationPortrait UIInterfaceOrientationLandscapeLeft UIInterfaceOrientationLandscapeRight";
				LD_RUNPATH_SEARCH_PATHS = (
					"$(inherited)",
					"@executable_path/Frameworks",
				);
				MARKETING_VERSION = 1.0;
				PRODUCT_BUNDLE_IDENTIFIER = "jeinie.ch03-convert";
				PRODUCT_NAME = "$(TARGET_NAME)";
				SWIFT_EMIT_LOC_STRINGS = YES;
				SWIFT_VERSION = 5.0;
				TARGETED_DEVICE_FAMILY = "1,2";
			};
			name = Release;
		};
		12B8948D29C9333A00CDB2F3 /* Debug */ = {
			isa = XCBuildConfiguration;
			buildSettings = {
				ALWAYS_EMBED_SWIFT_STANDARD_LIBRARIES = YES;
				BUNDLE_LOADER = "$(TEST_HOST)";
				CODE_SIGN_STYLE = Automatic;
				CURRENT_PROJECT_VERSION = 1;
				GENERATE_INFOPLIST_FILE = YES;
				IPHONEOS_DEPLOYMENT_TARGET = 16.2;
				MARKETING_VERSION = 1.0;
				PRODUCT_BUNDLE_IDENTIFIER = "jeinie.ch03-convertTests";
				PRODUCT_NAME = "$(TARGET_NAME)";
				SWIFT_EMIT_LOC_STRINGS = NO;
				SWIFT_VERSION = 5.0;
				TARGETED_DEVICE_FAMILY = "1,2";
				TEST_HOST = "$(BUILT_PRODUCTS_DIR)/ch03-convert.app/$(BUNDLE_EXECUTABLE_FOLDER_PATH)/ch03-convert";
			};
			name = Debug;
		};
		12B8948E29C9333A00CDB2F3 /* Release */ = {
			isa = XCBuildConfiguration;
			buildSettings = {
				ALWAYS_EMBED_SWIFT_STANDARD_LIBRARIES = YES;
				BUNDLE_LOADER = "$(TEST_HOST)";
				CODE_SIGN_STYLE = Automatic;
				CURRENT_PROJECT_VERSION = 1;
				GENERATE_INFOPLIST_FILE = YES;
				IPHONEOS_DEPLOYMENT_TARGET = 16.2;
				MARKETING_VERSION = 1.0;
				PRODUCT_BUNDLE_IDENTIFIER = "jeinie.ch03-convertTests";
				PRODUCT_NAME = "$(TARGET_NAME)";
				SWIFT_EMIT_LOC_STRINGS = NO;
				SWIFT_VERSION = 5.0;
				TARGETED_DEVICE_FAMILY = "1,2";
				TEST_HOST = "$(BUILT_PRODUCTS_DIR)/ch03-convert.app/$(BUNDLE_EXECUTABLE_FOLDER_PATH)/ch03-convert";
			};
			name = Release;
		};
		12B8949029C9333A00CDB2F3 /* Debug */ = {
			isa = XCBuildConfiguration;
			buildSettings = {
				ALWAYS_EMBED_SWIFT_STANDARD_LIBRARIES = YES;
				CODE_SIGN_STYLE = Automatic;
				CURRENT_PROJECT_VERSION = 1;
				GENERATE_INFOPLIST_FILE = YES;
				MARKETING_VERSION = 1.0;
				PRODUCT_BUNDLE_IDENTIFIER = "jeinie.ch03-convertUITests";
				PRODUCT_NAME = "$(TARGET_NAME)";
				SWIFT_EMIT_LOC_STRINGS = NO;
				SWIFT_VERSION = 5.0;
				TARGETED_DEVICE_FAMILY = "1,2";
				TEST_TARGET_NAME = "ch03-convert";
			};
			name = Debug;
		};
		12B8949129C9333A00CDB2F3 /* Release */ = {
			isa = XCBuildConfiguration;
			buildSettings = {
				ALWAYS_EMBED_SWIFT_STANDARD_LIBRARIES = YES;
				CODE_SIGN_STYLE = Automatic;
				CURRENT_PROJECT_VERSION = 1;
				GENERATE_INFOPLIST_FILE = YES;
				MARKETING_VERSION = 1.0;
				PRODUCT_BUNDLE_IDENTIFIER = "jeinie.ch03-convertUITests";
				PRODUCT_NAME = "$(TARGET_NAME)";
				SWIFT_EMIT_LOC_STRINGS = NO;
				SWIFT_VERSION = 5.0;
				TARGETED_DEVICE_FAMILY = "1,2";
				TEST_TARGET_NAME = "ch03-convert";
			};
			name = Release;
		};
/* End XCBuildConfiguration section */

/* Begin XCConfigurationList section */
		12B8945A29C9333900CDB2F3 /* Build configuration list for PBXProject "ch03-convert" */ = {
			isa = XCConfigurationList;
			buildConfigurations = (
				12B8948729C9333A00CDB2F3 /* Debug */,
				12B8948829C9333A00CDB2F3 /* Release */,
			);
			defaultConfigurationIsVisible = 0;
			defaultConfigurationName = Release;
		};
		12B8948929C9333A00CDB2F3 /* Build configuration list for PBXNativeTarget "ch03-convert" */ = {
			isa = XCConfigurationList;
			buildConfigurations = (
				12B8948A29C9333A00CDB2F3 /* Debug */,
				12B8948B29C9333A00CDB2F3 /* Release */,
			);
			defaultConfigurationIsVisible = 0;
			defaultConfigurationName = Release;
		};
		12B8948C29C9333A00CDB2F3 /* Build configuration list for PBXNativeTarget "ch03-convertTests" */ = {
			isa = XCConfigurationList;
			buildConfigurations = (
				12B8948D29C9333A00CDB2F3 /* Debug */,
				12B8948E29C9333A00CDB2F3 /* Release */,
			);
			defaultConfigurationIsVisible = 0;
			defaultConfigurationName = Release;
		};
		12B8948F29C9333A00CDB2F3 /* Build configuration list for PBXNativeTarget "ch03-convertUITests" */ = {
			isa = XCConfigurationList;
			buildConfigurations = (
				12B8949029C9333A00CDB2F3 /* Debug */,
				12B8949129C9333A00CDB2F3 /* Release */,
			);
			defaultConfigurationIsVisible = 0;
			defaultConfigurationName = Release;
		};
/* End XCConfigurationList section */
	};
	rootObject = 12B8945729C9333900CDB2F3 /* Project object */;
}
