// !$*UTF8*$!
{
	archiveVersion = 1;
	classes = {
	};
	objectVersion = 56;
	objects = {

/* Begin PBXBuildFile section */
		12DBC8AF2A0093B500A6641D /* AppDelegate.swift in Sources */ = {isa = PBXBuildFile; fileRef = 12DBC8AE2A0093B500A6641D /* AppDelegate.swift */; };
		12DBC8B12A0093B500A6641D /* SceneDelegate.swift in Sources */ = {isa = PBXBuildFile; fileRef = 12DBC8B02A0093B500A6641D /* SceneDelegate.swift */; };
		12DBC8B32A0093B500A6641D /* PlanGroupViewController.swift in Sources */ = {isa = PBXBuildFile; fileRef = 12DBC8B22A0093B500A6641D /* PlanGroupViewController.swift */; };
		12DBC8B62A0093B500A6641D /* Main.storyboard in Resources */ = {isa = PBXBuildFile; fileRef = 12DBC8B42A0093B500A6641D /* Main.storyboard */; };
		12DBC8B82A0093B500A6641D /* Assets.xcassets in Resources */ = {isa = PBXBuildFile; fileRef = 12DBC8B72A0093B500A6641D /* Assets.xcassets */; };
		12DBC8BB2A0093B500A6641D /* LaunchScreen.storyboard in Resources */ = {isa = PBXBuildFile; fileRef = 12DBC8B92A0093B500A6641D /* LaunchScreen.storyboard */; };
		12DBC8C62A0093B500A6641D /* ch09_tableViewTests.swift in Sources */ = {isa = PBXBuildFile; fileRef = 12DBC8C52A0093B500A6641D /* ch09_tableViewTests.swift */; };
		12DBC8D02A0093B500A6641D /* ch09_tableViewUITests.swift in Sources */ = {isa = PBXBuildFile; fileRef = 12DBC8CF2A0093B500A6641D /* ch09_tableViewUITests.swift */; };
		12DBC8D22A0093B500A6641D /* ch09_tableViewUITestsLaunchTests.swift in Sources */ = {isa = PBXBuildFile; fileRef = 12DBC8D12A0093B500A6641D /* ch09_tableViewUITestsLaunchTests.swift */; };
		12DBC8DF2A009AF500A6641D /* ExtendedDate.swift in Sources */ = {isa = PBXBuildFile; fileRef = 12DBC8DE2A009AF500A6641D /* ExtendedDate.swift */; };
		12DBC8E12A009C1C00A6641D /* plan.swift in Sources */ = {isa = PBXBuildFile; fileRef = 12DBC8E02A009C1C00A6641D /* plan.swift */; };
		12DBC8E32A009D3500A6641D /* DbMemory.swift in Sources */ = {isa = PBXBuildFile; fileRef = 12DBC8E22A009D3500A6641D /* DbMemory.swift */; };
		12DBC8E52A009D7300A6641D /* Database.swift in Sources */ = {isa = PBXBuildFile; fileRef = 12DBC8E42A009D7300A6641D /* Database.swift */; };
		12DBC8E72A009F1900A6641D /* PlanGroup.swift in Sources */ = {isa = PBXBuildFile; fileRef = 12DBC8E62A009F1900A6641D /* PlanGroup.swift */; };
/* End PBXBuildFile section */

/* Begin PBXContainerItemProxy section */
		12DBC8C22A0093B500A6641D /* PBXContainerItemProxy */ = {
			isa = PBXContainerItemProxy;
			containerPortal = 12DBC8A32A0093B400A6641D /* Project object */;
			proxyType = 1;
			remoteGlobalIDString = 12DBC8AA2A0093B500A6641D;
			remoteInfo = "ch09-tableView";
		};
		12DBC8CC2A0093B500A6641D /* PBXContainerItemProxy */ = {
			isa = PBXContainerItemProxy;
			containerPortal = 12DBC8A32A0093B400A6641D /* Project object */;
			proxyType = 1;
			remoteGlobalIDString = 12DBC8AA2A0093B500A6641D;
			remoteInfo = "ch09-tableView";
		};
/* End PBXContainerItemProxy section */

/* Begin PBXFileReference section */
		12DBC8AB2A0093B500A6641D /* ch09-tableView.app */ = {isa = PBXFileReference; explicitFileType = wrapper.application; includeInIndex = 0; path = "ch09-tableView.app"; sourceTree = BUILT_PRODUCTS_DIR; };
		12DBC8AE2A0093B500A6641D /* AppDelegate.swift */ = {isa = PBXFileReference; lastKnownFileType = sourcecode.swift; path = AppDelegate.swift; sourceTree = "<group>"; };
		12DBC8B02A0093B500A6641D /* SceneDelegate.swift */ = {isa = PBXFileReference; lastKnownFileType = sourcecode.swift; path = SceneDelegate.swift; sourceTree = "<group>"; };
		12DBC8B22A0093B500A6641D /* PlanGroupViewController.swift */ = {isa = PBXFileReference; lastKnownFileType = sourcecode.swift; path = PlanGroupViewController.swift; sourceTree = "<group>"; };
		12DBC8B52A0093B500A6641D /* Base */ = {isa = PBXFileReference; lastKnownFileType = file.storyboard; name = Base; path = Base.lproj/Main.storyboard; sourceTree = "<group>"; };
		12DBC8B72A0093B500A6641D /* Assets.xcassets */ = {isa = PBXFileReference; lastKnownFileType = folder.assetcatalog; path = Assets.xcassets; sourceTree = "<group>"; };
		12DBC8BA2A0093B500A6641D /* Base */ = {isa = PBXFileReference; lastKnownFileType = file.storyboard; name = Base; path = Base.lproj/LaunchScreen.storyboard; sourceTree = "<group>"; };
		12DBC8BC2A0093B500A6641D /* Info.plist */ = {isa = PBXFileReference; lastKnownFileType = text.plist.xml; path = Info.plist; sourceTree = "<group>"; };
		12DBC8C12A0093B500A6641D /* ch09-tableViewTests.xctest */ = {isa = PBXFileReference; explicitFileType = wrapper.cfbundle; includeInIndex = 0; path = "ch09-tableViewTests.xctest"; sourceTree = BUILT_PRODUCTS_DIR; };
		12DBC8C52A0093B500A6641D /* ch09_tableViewTests.swift */ = {isa = PBXFileReference; lastKnownFileType = sourcecode.swift; path = ch09_tableViewTests.swift; sourceTree = "<group>"; };
		12DBC8CB2A0093B500A6641D /* ch09-tableViewUITests.xctest */ = {isa = PBXFileReference; explicitFileType = wrapper.cfbundle; includeInIndex = 0; path = "ch09-tableViewUITests.xctest"; sourceTree = BUILT_PRODUCTS_DIR; };
		12DBC8CF2A0093B500A6641D /* ch09_tableViewUITests.swift */ = {isa = PBXFileReference; lastKnownFileType = sourcecode.swift; path = ch09_tableViewUITests.swift; sourceTree = "<group>"; };
		12DBC8D12A0093B500A6641D /* ch09_tableViewUITestsLaunchTests.swift */ = {isa = PBXFileReference; lastKnownFileType = sourcecode.swift; path = ch09_tableViewUITestsLaunchTests.swift; sourceTree = "<group>"; };
		12DBC8DE2A009AF500A6641D /* ExtendedDate.swift */ = {isa = PBXFileReference; lastKnownFileType = sourcecode.swift; path = ExtendedDate.swift; sourceTree = "<group>"; };
		12DBC8E02A009C1C00A6641D /* plan.swift */ = {isa = PBXFileReference; lastKnownFileType = sourcecode.swift; path = plan.swift; sourceTree = "<group>"; };
		12DBC8E22A009D3500A6641D /* DbMemory.swift */ = {isa = PBXFileReference; lastKnownFileType = sourcecode.swift; path = DbMemory.swift; sourceTree = "<group>"; };
		12DBC8E42A009D7300A6641D /* Database.swift */ = {isa = PBXFileReference; lastKnownFileType = sourcecode.swift; path = Database.swift; sourceTree = "<group>"; };
		12DBC8E62A009F1900A6641D /* PlanGroup.swift */ = {isa = PBXFileReference; lastKnownFileType = sourcecode.swift; path = PlanGroup.swift; sourceTree = "<group>"; };
/* End PBXFileReference section */

/* Begin PBXFrameworksBuildPhase section */
		12DBC8A82A0093B500A6641D /* Frameworks */ = {
			isa = PBXFrameworksBuildPhase;
			buildActionMask = 2147483647;
			files = (
			);
			runOnlyForDeploymentPostprocessing = 0;
		};
		12DBC8BE2A0093B500A6641D /* Frameworks */ = {
			isa = PBXFrameworksBuildPhase;
			buildActionMask = 2147483647;
			files = (
			);
			runOnlyForDeploymentPostprocessing = 0;
		};
		12DBC8C82A0093B500A6641D /* Frameworks */ = {
			isa = PBXFrameworksBuildPhase;
			buildActionMask = 2147483647;
			files = (
			);
			runOnlyForDeploymentPostprocessing = 0;
		};
/* End PBXFrameworksBuildPhase section */

/* Begin PBXGroup section */
		12DBC8A22A0093B400A6641D = {
			isa = PBXGroup;
			children = (
				12DBC8AD2A0093B500A6641D /* ch09-tableView */,
				12DBC8C42A0093B500A6641D /* ch09-tableViewTests */,
				12DBC8CE2A0093B500A6641D /* ch09-tableViewUITests */,
				12DBC8AC2A0093B500A6641D /* Products */,
			);
			sourceTree = "<group>";
		};
		12DBC8AC2A0093B500A6641D /* Products */ = {
			isa = PBXGroup;
			children = (
				12DBC8AB2A0093B500A6641D /* ch09-tableView.app */,
				12DBC8C12A0093B500A6641D /* ch09-tableViewTests.xctest */,
				12DBC8CB2A0093B500A6641D /* ch09-tableViewUITests.xctest */,
			);
			name = Products;
			sourceTree = "<group>";
		};
		12DBC8AD2A0093B500A6641D /* ch09-tableView */ = {
			isa = PBXGroup;
			children = (
				12DBC8AE2A0093B500A6641D /* AppDelegate.swift */,
				12DBC8B02A0093B500A6641D /* SceneDelegate.swift */,
				12DBC8B22A0093B500A6641D /* PlanGroupViewController.swift */,
				12DBC8B42A0093B500A6641D /* Main.storyboard */,
				12DBC8B72A0093B500A6641D /* Assets.xcassets */,
				12DBC8B92A0093B500A6641D /* LaunchScreen.storyboard */,
				12DBC8BC2A0093B500A6641D /* Info.plist */,
				12DBC8DE2A009AF500A6641D /* ExtendedDate.swift */,
				12DBC8E02A009C1C00A6641D /* plan.swift */,
				12DBC8E22A009D3500A6641D /* DbMemory.swift */,
				12DBC8E42A009D7300A6641D /* Database.swift */,
				12DBC8E62A009F1900A6641D /* PlanGroup.swift */,
			);
			path = "ch09-tableView";
			sourceTree = "<group>";
		};
		12DBC8C42A0093B500A6641D /* ch09-tableViewTests */ = {
			isa = PBXGroup;
			children = (
				12DBC8C52A0093B500A6641D /* ch09_tableViewTests.swift */,
			);
			path = "ch09-tableViewTests";
			sourceTree = "<group>";
		};
		12DBC8CE2A0093B500A6641D /* ch09-tableViewUITests */ = {
			isa = PBXGroup;
			children = (
				12DBC8CF2A0093B500A6641D /* ch09_tableViewUITests.swift */,
				12DBC8D12A0093B500A6641D /* ch09_tableViewUITestsLaunchTests.swift */,
			);
			path = "ch09-tableViewUITests";
			sourceTree = "<group>";
		};
/* End PBXGroup section */

/* Begin PBXNativeTarget section */
		12DBC8AA2A0093B500A6641D /* ch09-tableView */ = {
			isa = PBXNativeTarget;
			buildConfigurationList = 12DBC8D52A0093B500A6641D /* Build configuration list for PBXNativeTarget "ch09-tableView" */;
			buildPhases = (
				12DBC8A72A0093B500A6641D /* Sources */,
				12DBC8A82A0093B500A6641D /* Frameworks */,
				12DBC8A92A0093B500A6641D /* Resources */,
			);
			buildRules = (
			);
			dependencies = (
			);
			name = "ch09-tableView";
			productName = "ch09-tableView";
			productReference = 12DBC8AB2A0093B500A6641D /* ch09-tableView.app */;
			productType = "com.apple.product-type.application";
		};
		12DBC8C02A0093B500A6641D /* ch09-tableViewTests */ = {
			isa = PBXNativeTarget;
			buildConfigurationList = 12DBC8D82A0093B500A6641D /* Build configuration list for PBXNativeTarget "ch09-tableViewTests" */;
			buildPhases = (
				12DBC8BD2A0093B500A6641D /* Sources */,
				12DBC8BE2A0093B500A6641D /* Frameworks */,
				12DBC8BF2A0093B500A6641D /* Resources */,
			);
			buildRules = (
			);
			dependencies = (
				12DBC8C32A0093B500A6641D /* PBXTargetDependency */,
			);
			name = "ch09-tableViewTests";
			productName = "ch09-tableViewTests";
			productReference = 12DBC8C12A0093B500A6641D /* ch09-tableViewTests.xctest */;
			productType = "com.apple.product-type.bundle.unit-test";
		};
		12DBC8CA2A0093B500A6641D /* ch09-tableViewUITests */ = {
			isa = PBXNativeTarget;
			buildConfigurationList = 12DBC8DB2A0093B500A6641D /* Build configuration list for PBXNativeTarget "ch09-tableViewUITests" */;
			buildPhases = (
				12DBC8C72A0093B500A6641D /* Sources */,
				12DBC8C82A0093B500A6641D /* Frameworks */,
				12DBC8C92A0093B500A6641D /* Resources */,
			);
			buildRules = (
			);
			dependencies = (
				12DBC8CD2A0093B500A6641D /* PBXTargetDependency */,
			);
			name = "ch09-tableViewUITests";
			productName = "ch09-tableViewUITests";
			productReference = 12DBC8CB2A0093B500A6641D /* ch09-tableViewUITests.xctest */;
			productType = "com.apple.product-type.bundle.ui-testing";
		};
/* End PBXNativeTarget section */

/* Begin PBXProject section */
		12DBC8A32A0093B400A6641D /* Project object */ = {
			isa = PBXProject;
			attributes = {
				BuildIndependentTargetsInParallel = 1;
				LastSwiftUpdateCheck = 1420;
				LastUpgradeCheck = 1420;
				TargetAttributes = {
					12DBC8AA2A0093B500A6641D = {
						CreatedOnToolsVersion = 14.2;
					};
					12DBC8C02A0093B500A6641D = {
						CreatedOnToolsVersion = 14.2;
						TestTargetID = 12DBC8AA2A0093B500A6641D;
					};
					12DBC8CA2A0093B500A6641D = {
						CreatedOnToolsVersion = 14.2;
						TestTargetID = 12DBC8AA2A0093B500A6641D;
					};
				};
			};
			buildConfigurationList = 12DBC8A62A0093B400A6641D /* Build configuration list for PBXProject "ch09-tableView" */;
			compatibilityVersion = "Xcode 14.0";
			developmentRegion = en;
			hasScannedForEncodings = 0;
			knownRegions = (
				en,
				Base,
			);
			mainGroup = 12DBC8A22A0093B400A6641D;
			productRefGroup = 12DBC8AC2A0093B500A6641D /* Products */;
			projectDirPath = "";
			projectRoot = "";
			targets = (
				12DBC8AA2A0093B500A6641D /* ch09-tableView */,
				12DBC8C02A0093B500A6641D /* ch09-tableViewTests */,
				12DBC8CA2A0093B500A6641D /* ch09-tableViewUITests */,
			);
		};
/* End PBXProject section */

/* Begin PBXResourcesBuildPhase section */
		12DBC8A92A0093B500A6641D /* Resources */ = {
			isa = PBXResourcesBuildPhase;
			buildActionMask = 2147483647;
			files = (
				12DBC8BB2A0093B500A6641D /* LaunchScreen.storyboard in Resources */,
				12DBC8B82A0093B500A6641D /* Assets.xcassets in Resources */,
				12DBC8B62A0093B500A6641D /* Main.storyboard in Resources */,
			);
			runOnlyForDeploymentPostprocessing = 0;
		};
		12DBC8BF2A0093B500A6641D /* Resources */ = {
			isa = PBXResourcesBuildPhase;
			buildActionMask = 2147483647;
			files = (
			);
			runOnlyForDeploymentPostprocessing = 0;
		};
		12DBC8C92A0093B500A6641D /* Resources */ = {
			isa = PBXResourcesBuildPhase;
			buildActionMask = 2147483647;
			files = (
			);
			runOnlyForDeploymentPostprocessing = 0;
		};
/* End PBXResourcesBuildPhase section */

/* Begin PBXSourcesBuildPhase section */
		12DBC8A72A0093B500A6641D /* Sources */ = {
			isa = PBXSourcesBuildPhase;
			buildActionMask = 2147483647;
			files = (
				12DBC8DF2A009AF500A6641D /* ExtendedDate.swift in Sources */,
				12DBC8E12A009C1C00A6641D /* plan.swift in Sources */,
				12DBC8E72A009F1900A6641D /* PlanGroup.swift in Sources */,
				12DBC8B32A0093B500A6641D /* PlanGroupViewController.swift in Sources */,
				12DBC8AF2A0093B500A6641D /* AppDelegate.swift in Sources */,
				12DBC8E32A009D3500A6641D /* DbMemory.swift in Sources */,
				12DBC8E52A009D7300A6641D /* Database.swift in Sources */,
				12DBC8B12A0093B500A6641D /* SceneDelegate.swift in Sources */,
			);
			runOnlyForDeploymentPostprocessing = 0;
		};
		12DBC8BD2A0093B500A6641D /* Sources */ = {
			isa = PBXSourcesBuildPhase;
			buildActionMask = 2147483647;
			files = (
				12DBC8C62A0093B500A6641D /* ch09_tableViewTests.swift in Sources */,
			);
			runOnlyForDeploymentPostprocessing = 0;
		};
		12DBC8C72A0093B500A6641D /* Sources */ = {
			isa = PBXSourcesBuildPhase;
			buildActionMask = 2147483647;
			files = (
				12DBC8D22A0093B500A6641D /* ch09_tableViewUITestsLaunchTests.swift in Sources */,
				12DBC8D02A0093B500A6641D /* ch09_tableViewUITests.swift in Sources */,
			);
			runOnlyForDeploymentPostprocessing = 0;
		};
/* End PBXSourcesBuildPhase section */

/* Begin PBXTargetDependency section */
		12DBC8C32A0093B500A6641D /* PBXTargetDependency */ = {
			isa = PBXTargetDependency;
			target = 12DBC8AA2A0093B500A6641D /* ch09-tableView */;
			targetProxy = 12DBC8C22A0093B500A6641D /* PBXContainerItemProxy */;
		};
		12DBC8CD2A0093B500A6641D /* PBXTargetDependency */ = {
			isa = PBXTargetDependency;
			target = 12DBC8AA2A0093B500A6641D /* ch09-tableView */;
			targetProxy = 12DBC8CC2A0093B500A6641D /* PBXContainerItemProxy */;
		};
/* End PBXTargetDependency section */

/* Begin PBXVariantGroup section */
		12DBC8B42A0093B500A6641D /* Main.storyboard */ = {
			isa = PBXVariantGroup;
			children = (
				12DBC8B52A0093B500A6641D /* Base */,
			);
			name = Main.storyboard;
			sourceTree = "<group>";
		};
		12DBC8B92A0093B500A6641D /* LaunchScreen.storyboard */ = {
			isa = PBXVariantGroup;
			children = (
				12DBC8BA2A0093B500A6641D /* Base */,
			);
			name = LaunchScreen.storyboard;
			sourceTree = "<group>";
		};
/* End PBXVariantGroup section */

/* Begin XCBuildConfiguration section */
		12DBC8D32A0093B500A6641D /* Debug */ = {
			isa = XCBuildConfiguration;
			buildSettings = {
				ALWAYS_SEARCH_USER_PATHS = NO;
				CLANG_ANALYZER_NONNULL = YES;
				CLANG_ANALYZER_NUMBER_OBJECT_CONVERSION = YES_AGGRESSIVE;
				CLANG_CXX_LANGUAGE_STANDARD = "gnu++20";
				CLANG_ENABLE_MODULES = YES;
				CLANG_ENABLE_OBJC_ARC = YES;
				CLANG_ENABLE_OBJC_WEAK = YES;
				CLANG_WARN_BLOCK_CAPTURE_AUTORELEASING = YES;
				CLANG_WARN_BOOL_CONVERSION = YES;
				CLANG_WARN_COMMA = YES;
				CLANG_WARN_CONSTANT_CONVERSION = YES;
				CLANG_WARN_DEPRECATED_OBJC_IMPLEMENTATIONS = YES;
				CLANG_WARN_DIRECT_OBJC_ISA_USAGE = YES_ERROR;
				CLANG_WARN_DOCUMENTATION_COMMENTS = YES;
				CLANG_WARN_EMPTY_BODY = YES;
				CLANG_WARN_ENUM_CONVERSION = YES;
				CLANG_WARN_INFINITE_RECURSION = YES;
				CLANG_WARN_INT_CONVERSION = YES;
				CLANG_WARN_NON_LITERAL_NULL_CONVERSION = YES;
				CLANG_WARN_OBJC_IMPLICIT_RETAIN_SELF = YES;
				CLANG_WARN_OBJC_LITERAL_CONVERSION = YES;
				CLANG_WARN_OBJC_ROOT_CLASS = YES_ERROR;
				CLANG_WARN_QUOTED_INCLUDE_IN_FRAMEWORK_HEADER = YES;
				CLANG_WARN_RANGE_LOOP_ANALYSIS = YES;
				CLANG_WARN_STRICT_PROTOTYPES = YES;
				CLANG_WARN_SUSPICIOUS_MOVE = YES;
				CLANG_WARN_UNGUARDED_AVAILABILITY = YES_AGGRESSIVE;
				CLANG_WARN_UNREACHABLE_CODE = YES;
				CLANG_WARN__DUPLICATE_METHOD_MATCH = YES;
				COPY_PHASE_STRIP = NO;
				DEBUG_INFORMATION_FORMAT = dwarf;
				ENABLE_STRICT_OBJC_MSGSEND = YES;
				ENABLE_TESTABILITY = YES;
				GCC_C_LANGUAGE_STANDARD = gnu11;
				GCC_DYNAMIC_NO_PIC = NO;
				GCC_NO_COMMON_BLOCKS = YES;
				GCC_OPTIMIZATION_LEVEL = 0;
				GCC_PREPROCESSOR_DEFINITIONS = (
					"DEBUG=1",
					"$(inherited)",
				);
				GCC_WARN_64_TO_32_BIT_CONVERSION = YES;
				GCC_WARN_ABOUT_RETURN_TYPE = YES_ERROR;
				GCC_WARN_UNDECLARED_SELECTOR = YES;
				GCC_WARN_UNINITIALIZED_AUTOS = YES_AGGRESSIVE;
				GCC_WARN_UNUSED_FUNCTION = YES;
				GCC_WARN_UNUSED_VARIABLE = YES;
				IPHONEOS_DEPLOYMENT_TARGET = 16.2;
				MTL_ENABLE_DEBUG_INFO = INCLUDE_SOURCE;
				MTL_FAST_MATH = YES;
				ONLY_ACTIVE_ARCH = YES;
				SDKROOT = iphoneos;
				SWIFT_ACTIVE_COMPILATION_CONDITIONS = DEBUG;
				SWIFT_OPTIMIZATION_LEVEL = "-Onone";
			};
			name = Debug;
		};
		12DBC8D42A0093B500A6641D /* Release */ = {
			isa = XCBuildConfiguration;
			buildSettings = {
				ALWAYS_SEARCH_USER_PATHS = NO;
				CLANG_ANALYZER_NONNULL = YES;
				CLANG_ANALYZER_NUMBER_OBJECT_CONVERSION = YES_AGGRESSIVE;
				CLANG_CXX_LANGUAGE_STANDARD = "gnu++20";
				CLANG_ENABLE_MODULES = YES;
				CLANG_ENABLE_OBJC_ARC = YES;
				CLANG_ENABLE_OBJC_WEAK = YES;
				CLANG_WARN_BLOCK_CAPTURE_AUTORELEASING = YES;
				CLANG_WARN_BOOL_CONVERSION = YES;
				CLANG_WARN_COMMA = YES;
				CLANG_WARN_CONSTANT_CONVERSION = YES;
				CLANG_WARN_DEPRECATED_OBJC_IMPLEMENTATIONS = YES;
				CLANG_WARN_DIRECT_OBJC_ISA_USAGE = YES_ERROR;
				CLANG_WARN_DOCUMENTATION_COMMENTS = YES;
				CLANG_WARN_EMPTY_BODY = YES;
				CLANG_WARN_ENUM_CONVERSION = YES;
				CLANG_WARN_INFINITE_RECURSION = YES;
				CLANG_WARN_INT_CONVERSION = YES;
				CLANG_WARN_NON_LITERAL_NULL_CONVERSION = YES;
				CLANG_WARN_OBJC_IMPLICIT_RETAIN_SELF = YES;
				CLANG_WARN_OBJC_LITERAL_CONVERSION = YES;
				CLANG_WARN_OBJC_ROOT_CLASS = YES_ERROR;
				CLANG_WARN_QUOTED_INCLUDE_IN_FRAMEWORK_HEADER = YES;
				CLANG_WARN_RANGE_LOOP_ANALYSIS = YES;
				CLANG_WARN_STRICT_PROTOTYPES = YES;
				CLANG_WARN_SUSPICIOUS_MOVE = YES;
				CLANG_WARN_UNGUARDED_AVAILABILITY = YES_AGGRESSIVE;
				CLANG_WARN_UNREACHABLE_CODE = YES;
				CLANG_WARN__DUPLICATE_METHOD_MATCH = YES;
				COPY_PHASE_STRIP = NO;
				DEBUG_INFORMATION_FORMAT = "dwarf-with-dsym";
				ENABLE_NS_ASSERTIONS = NO;
				ENABLE_STRICT_OBJC_MSGSEND = YES;
				GCC_C_LANGUAGE_STANDARD = gnu11;
				GCC_NO_COMMON_BLOCKS = YES;
				GCC_WARN_64_TO_32_BIT_CONVERSION = YES;
				GCC_WARN_ABOUT_RETURN_TYPE = YES_ERROR;
				GCC_WARN_UNDECLARED_SELECTOR = YES;
				GCC_WARN_UNINITIALIZED_AUTOS = YES_AGGRESSIVE;
				GCC_WARN_UNUSED_FUNCTION = YES;
				GCC_WARN_UNUSED_VARIABLE = YES;
				IPHONEOS_DEPLOYMENT_TARGET = 16.2;
				MTL_ENABLE_DEBUG_INFO = NO;
				MTL_FAST_MATH = YES;
				SDKROOT = iphoneos;
				SWIFT_COMPILATION_MODE = wholemodule;
				SWIFT_OPTIMIZATION_LEVEL = "-O";
				VALIDATE_PRODUCT = YES;
			};
			name = Release;
		};
		12DBC8D62A0093B500A6641D /* Debug */ = {
			isa = XCBuildConfiguration;
			buildSettings = {
				ASSETCATALOG_COMPILER_APPICON_NAME = AppIcon;
				ASSETCATALOG_COMPILER_GLOBAL_ACCENT_COLOR_NAME = AccentColor;
				CODE_SIGN_STYLE = Automatic;
				CURRENT_PROJECT_VERSION = 1;
				GENERATE_INFOPLIST_FILE = YES;
				INFOPLIST_FILE = "ch09-tableView/Info.plist";
				INFOPLIST_KEY_UIApplicationSupportsIndirectInputEvents = YES;
				INFOPLIST_KEY_UILaunchStoryboardName = LaunchScreen;
				INFOPLIST_KEY_UIMainStoryboardFile = Main;
				INFOPLIST_KEY_UISupportedInterfaceOrientations_iPad = "UIInterfaceOrientationPortrait UIInterfaceOrientationPortraitUpsideDown UIInterfaceOrientationLandscapeLeft UIInterfaceOrientationLandscapeRight";
				INFOPLIST_KEY_UISupportedInterfaceOrientations_iPhone = "UIInterfaceOrientationPortrait UIInterfaceOrientationLandscapeLeft UIInterfaceOrientationLandscapeRight";
				LD_RUNPATH_SEARCH_PATHS = (
					"$(inherited)",
					"@executable_path/Frameworks",
				);
				MARKETING_VERSION = 1.0;
				PRODUCT_BUNDLE_IDENTIFIER = "jeinie.ch09-tableView";
				PRODUCT_NAME = "$(TARGET_NAME)";
				SWIFT_EMIT_LOC_STRINGS = YES;
				SWIFT_VERSION = 5.0;
				TARGETED_DEVICE_FAMILY = "1,2";
			};
			name = Debug;
		};
		12DBC8D72A0093B500A6641D /* Release */ = {
			isa = XCBuildConfiguration;
			buildSettings = {
				ASSETCATALOG_COMPILER_APPICON_NAME = AppIcon;
				ASSETCATALOG_COMPILER_GLOBAL_ACCENT_COLOR_NAME = AccentColor;
				CODE_SIGN_STYLE = Automatic;
				CURRENT_PROJECT_VERSION = 1;
				GENERATE_INFOPLIST_FILE = YES;
				INFOPLIST_FILE = "ch09-tableView/Info.plist";
				INFOPLIST_KEY_UIApplicationSupportsIndirectInputEvents = YES;
				INFOPLIST_KEY_UILaunchStoryboardName = LaunchScreen;
				INFOPLIST_KEY_UIMainStoryboardFile = Main;
				INFOPLIST_KEY_UISupportedInterfaceOrientations_iPad = "UIInterfaceOrientationPortrait UIInterfaceOrientationPortraitUpsideDown UIInterfaceOrientationLandscapeLeft UIInterfaceOrientationLandscapeRight";
				INFOPLIST_KEY_UISupportedInterfaceOrientations_iPhone = "UIInterfaceOrientationPortrait UIInterfaceOrientationLandscapeLeft UIInterfaceOrientationLandscapeRight";
				LD_RUNPATH_SEARCH_PATHS = (
					"$(inherited)",
					"@executable_path/Frameworks",
				);
				MARKETING_VERSION = 1.0;
				PRODUCT_BUNDLE_IDENTIFIER = "jeinie.ch09-tableView";
				PRODUCT_NAME = "$(TARGET_NAME)";
				SWIFT_EMIT_LOC_STRINGS = YES;
				SWIFT_VERSION = 5.0;
				TARGETED_DEVICE_FAMILY = "1,2";
			};
			name = Release;
		};
		12DBC8D92A0093B500A6641D /* Debug */ = {
			isa = XCBuildConfiguration;
			buildSettings = {
				ALWAYS_EMBED_SWIFT_STANDARD_LIBRARIES = YES;
				BUNDLE_LOADER = "$(TEST_HOST)";
				CODE_SIGN_STYLE = Automatic;
				CURRENT_PROJECT_VERSION = 1;
				GENERATE_INFOPLIST_FILE = YES;
				IPHONEOS_DEPLOYMENT_TARGET = 16.2;
				MARKETING_VERSION = 1.0;
				PRODUCT_BUNDLE_IDENTIFIER = "jeinie.ch09-tableViewTests";
				PRODUCT_NAME = "$(TARGET_NAME)";
				SWIFT_EMIT_LOC_STRINGS = NO;
				SWIFT_VERSION = 5.0;
				TARGETED_DEVICE_FAMILY = "1,2";
				TEST_HOST = "$(BUILT_PRODUCTS_DIR)/ch09-tableView.app/$(BUNDLE_EXECUTABLE_FOLDER_PATH)/ch09-tableView";
			};
			name = Debug;
		};
		12DBC8DA2A0093B500A6641D /* Release */ = {
			isa = XCBuildConfiguration;
			buildSettings = {
				ALWAYS_EMBED_SWIFT_STANDARD_LIBRARIES = YES;
				BUNDLE_LOADER = "$(TEST_HOST)";
				CODE_SIGN_STYLE = Automatic;
				CURRENT_PROJECT_VERSION = 1;
				GENERATE_INFOPLIST_FILE = YES;
				IPHONEOS_DEPLOYMENT_TARGET = 16.2;
				MARKETING_VERSION = 1.0;
				PRODUCT_BUNDLE_IDENTIFIER = "jeinie.ch09-tableViewTests";
				PRODUCT_NAME = "$(TARGET_NAME)";
				SWIFT_EMIT_LOC_STRINGS = NO;
				SWIFT_VERSION = 5.0;
				TARGETED_DEVICE_FAMILY = "1,2";
				TEST_HOST = "$(BUILT_PRODUCTS_DIR)/ch09-tableView.app/$(BUNDLE_EXECUTABLE_FOLDER_PATH)/ch09-tableView";
			};
			name = Release;
		};
		12DBC8DC2A0093B500A6641D /* Debug */ = {
			isa = XCBuildConfiguration;
			buildSettings = {
				ALWAYS_EMBED_SWIFT_STANDARD_LIBRARIES = YES;
				CODE_SIGN_STYLE = Automatic;
				CURRENT_PROJECT_VERSION = 1;
				GENERATE_INFOPLIST_FILE = YES;
				MARKETING_VERSION = 1.0;
				PRODUCT_BUNDLE_IDENTIFIER = "jeinie.ch09-tableViewUITests";
				PRODUCT_NAME = "$(TARGET_NAME)";
				SWIFT_EMIT_LOC_STRINGS = NO;
				SWIFT_VERSION = 5.0;
				TARGETED_DEVICE_FAMILY = "1,2";
				TEST_TARGET_NAME = "ch09-tableView";
			};
			name = Debug;
		};
		12DBC8DD2A0093B500A6641D /* Release */ = {
			isa = XCBuildConfiguration;
			buildSettings = {
				ALWAYS_EMBED_SWIFT_STANDARD_LIBRARIES = YES;
				CODE_SIGN_STYLE = Automatic;
				CURRENT_PROJECT_VERSION = 1;
				GENERATE_INFOPLIST_FILE = YES;
				MARKETING_VERSION = 1.0;
				PRODUCT_BUNDLE_IDENTIFIER = "jeinie.ch09-tableViewUITests";
				PRODUCT_NAME = "$(TARGET_NAME)";
				SWIFT_EMIT_LOC_STRINGS = NO;
				SWIFT_VERSION = 5.0;
				TARGETED_DEVICE_FAMILY = "1,2";
				TEST_TARGET_NAME = "ch09-tableView";
			};
			name = Release;
		};
/* End XCBuildConfiguration section */

/* Begin XCConfigurationList section */
		12DBC8A62A0093B400A6641D /* Build configuration list for PBXProject "ch09-tableView" */ = {
			isa = XCConfigurationList;
			buildConfigurations = (
				12DBC8D32A0093B500A6641D /* Debug */,
				12DBC8D42A0093B500A6641D /* Release */,
			);
			defaultConfigurationIsVisible = 0;
			defaultConfigurationName = Release;
		};
		12DBC8D52A0093B500A6641D /* Build configuration list for PBXNativeTarget "ch09-tableView" */ = {
			isa = XCConfigurationList;
			buildConfigurations = (
				12DBC8D62A0093B500A6641D /* Debug */,
				12DBC8D72A0093B500A6641D /* Release */,
			);
			defaultConfigurationIsVisible = 0;
			defaultConfigurationName = Release;
		};
		12DBC8D82A0093B500A6641D /* Build configuration list for PBXNativeTarget "ch09-tableViewTests" */ = {
			isa = XCConfigurationList;
			buildConfigurations = (
				12DBC8D92A0093B500A6641D /* Debug */,
				12DBC8DA2A0093B500A6641D /* Release */,
			);
			defaultConfigurationIsVisible = 0;
			defaultConfigurationName = Release;
		};
		12DBC8DB2A0093B500A6641D /* Build configuration list for PBXNativeTarget "ch09-tableViewUITests" */ = {
			isa = XCConfigurationList;
			buildConfigurations = (
				12DBC8DC2A0093B500A6641D /* Debug */,
				12DBC8DD2A0093B500A6641D /* Release */,
			);
			defaultConfigurationIsVisible = 0;
			defaultConfigurationName = Release;
		};
/* End XCConfigurationList section */
	};
	rootObject = 12DBC8A32A0093B400A6641D /* Project object */;
}
